
Microsoft Visual Studio Solution File, Format Version 12.00
# Visual Studio Version 16
VisualStudioVersion = 16.0.30621.155
MinimumVisualStudioVersion = 10.0.40219.1
Project("{FAE04EC0-301F-11D3-BF4B-00C04F79EFBC}") = "Demo6", "Demo6\Demo6.csproj", "{28DCADBC-481E-47BE-B5E6-73B7B5ED8CAD}"
EndProject
Global
	GlobalSection(SolutionConfigurationPlatforms) = preSolution
		Debug|Any CPU = Debug|Any CPU
		Release|Any CPU = Release|Any CPU
	EndGlobalSection
	GlobalSection(ProjectConfigurationPlatforms) = postSolution
		{28DCADBC-481E-47BE-B5E6-73B7B5ED8CAD}.Debug|Any CPU.ActiveCfg = Debug|Any CPU
		{28DCADBC-481E-47BE-B5E6-73B7B5ED8CAD}.Debug|Any CPU.Build.0 = Debug|Any CPU
		{28DCADBC-481E-47BE-B5E6-73B7B5ED8CAD}.Release|Any CPU.ActiveCfg = Release|Any CPU
		{28DCADBC-481E-47BE-B5E6-73B7B5ED8CAD}.Release|Any CPU.Build.0 = Release|Any CPU
	EndGlobalSection
	GlobalSection(SolutionProperties) = preSolution
		HideSolutionNode = FALSE
	EndGlobalSection
	GlobalSection(ExtensibilityGlobals) = postSolution
		SolutionGuid = {D429AAAF-4CC8-4B38-A90B-520B594B0C81}
	EndGlobalSection
EndGlobal
